
Microsoft Visual Studio Solution File, Format Version 12.00
# Visual Studio Version 17
VisualStudioVersion = 17.14.36414.22
MinimumVisualStudioVersion = 10.0.40219.1
Project("{FAE04EC0-301F-11D3-BF4B-00C04F79EFBC}") = "Task1", "Task1\Task1.csproj", "{B04A0A64-C109-4F19-B14F-600D3739E21E}"
EndProject
Project("{FAE04EC0-301F-11D3-BF4B-00C04F79EFBC}") = "TaskCarpetCleaningService", "TaskCarpetCleaningService\TaskCarpetCleaningService.csproj", "{C0BD56D6-F8E5-4A27-9FDD-8686B9FDB8E4}"
EndProject
Global
	GlobalSection(SolutionConfigurationPlatforms) = preSolution
		Debug|Any CPU = Debug|Any CPU
		Release|Any CPU = Release|Any CPU
	EndGlobalSection
	GlobalSection(ProjectConfigurationPlatforms) = postSolution
		{B04A0A64-C109-4F19-B14F-600D3739E21E}.Debug|Any CPU.ActiveCfg = Debug|Any CPU
		{B04A0A64-C109-4F19-B14F-600D3739E21E}.Debug|Any CPU.Build.0 = Debug|Any CPU
		{B04A0A64-C109-4F19-B14F-600D3739E21E}.Release|Any CPU.ActiveCfg = Release|Any CPU
		{B04A0A64-C109-4F19-B14F-600D3739E21E}.Release|Any CPU.Build.0 = Release|Any CPU
		{C0BD56D6-F8E5-4A27-9FDD-8686B9FDB8E4}.Debug|Any CPU.ActiveCfg = Debug|Any CPU
		{C0BD56D6-F8E5-4A27-9FDD-8686B9FDB8E4}.Debug|Any CPU.Build.0 = Debug|Any CPU
		{C0BD56D6-F8E5-4A27-9FDD-8686B9FDB8E4}.Release|Any CPU.ActiveCfg = Release|Any CPU
		{C0BD56D6-F8E5-4A27-9FDD-8686B9FDB8E4}.Release|Any CPU.Build.0 = Release|Any CPU
	EndGlobalSection
	GlobalSection(SolutionProperties) = preSolution
		HideSolutionNode = FALSE
	EndGlobalSection
	GlobalSection(ExtensibilityGlobals) = postSolution
		SolutionGuid = {6C20A07E-AACF-4EE5-91A9-EDC4CEDABB0A}
	EndGlobalSection
EndGlobal
